{
  "name": "clipr",
  "version": "1.0.0",
  "lockfileVersion": 1,
  "requires": true,
  "dependencies": {
    "@ffmpeg-installer/darwin-x64": {
      "version": "4.0.4",
      "resolved": "https://registry.npmjs.org/@ffmpeg-installer/darwin-x64/-/darwin-x64-4.0.4.tgz",
      "integrity": "sha512-P9pP69Q9jEtplqWYJKi1phiSmKQ/ETZUTSDDcCaTy5fn0+rXZAEOEWCUByz8fYtFChLuhuVPfgUf2+51xgS5nA==",
      "optional": true
    },
    "@ffmpeg-installer/ffmpeg": {
      "version": "1.0.13",
      "resolved": "https://registry.npmjs.org/@ffmpeg-installer/ffmpeg/-/ffmpeg-1.0.13.tgz",
      "integrity": "sha512-56yZqvR/4H4roMEgADrs6hpTgApemK7V7rZNaZSnXwi7BxEW7CL4S/RxvHHxVNg01SY9vmd0pMYnWcFfZ63MMw==",
      "requires": {
        "@ffmpeg-installer/darwin-x64": "4.0.4"
      }
    },
    "thumbler": {
      "version": "1.1.1-1",
      "resolved": "https://registry.npmjs.org/thumbler/-/thumbler-1.1.1-1.tgz",
      "integrity": "sha1-O45a4vmm5EdBPjA4gzQ/KmQeRfs=",
      "requires": {
        "@ffmpeg-installer/ffmpeg": "1.0.13"
      }
    }
  }
}
